{"SurveyEntry":{"SurveyID":"SV_brrq6E6862fillc","SurveyName":"MusicEmotion - test + clips","SurveyDescription":null,"SurveyOwnerID":"UR_bllFKNJ3pZAqz2Z","SurveyBrandID":"gatech","DivisionID":"DV_8ifAkIRP2hGqj3L","SurveyLanguage":"EN","SurveyActiveResponseSet":"RS_9FdgwKMDttHOT42","SurveyStatus":"Active","SurveyStartDate":"0000-00-00 00:00:00","SurveyExpirationDate":"0000-00-00 00:00:00","SurveyCreationDate":"2021-08-24 12:15:56","CreatorID":"UR_bllFKNJ3pZAqz2Z","LastModified":"2021-08-24 12:44:25","LastAccessed":"0000-00-00 00:00:00","LastActivated":"2021-08-24 12:35:54","Deleted":null},"SurveyElements":[{"SurveyID":"SV_brrq6E6862fillc","Element":"BL","PrimaryAttribute":"Survey Blocks","SecondaryAttribute":null,"TertiaryAttribute":null,"Payload":{"1":{"Type":"Trash","Description":"Trash \/ Unused Questions","ID":"BL_00qEHFTdQwp6LdP","BlockElements":[]},"7":{"Type":"Standard","SubType":"","Description":"SignleClip1_AttPref","ID":"BL_5toZz7dnxmzK1WB","BlockElements":[{"Type":"Question","QuestionID":"QID73"},{"Type":"Question","QuestionID":"QID70"},{"Type":"Page Break"},{"Type":"Question","QuestionID":"QID36"},{"Type":"Question","QuestionID":"QID10"},{"Type":"Page Break"},{"Type":"Question","QuestionID":"QID69"},{"Type":"Question","QuestionID":"QID66"},{"Type":"Page Break"},{"Type":"Question","QuestionID":"QID68"},{"Type":"Question","QuestionID":"QID67"}]},"11":{"Type":"Standard","SubType":"","Description":"DoubleClips_pair1","ID":"BL_5bEnj9e7F6p80vz","BlockElements":[{"Type":"Question","QuestionID":"QID41"},{"Type":"Question","QuestionID":"QID42"},{"Type":"Page Break"},{"Type":"Question","QuestionID":"QID77"},{"Type":"Question","QuestionID":"QID76"}]},"12":{"Type":"Standard","SubType":"","Description":"Demographic Questions","ID":"BL_7VcoQjoYugGS2TH","BlockElements":[{"Type":"Question","QuestionID":"QID78"},{"Type":"Question","QuestionID":"QID43"},{"Type":"Page Break"},{"Type":"Question","QuestionID":"QID79"},{"Type":"Question","QuestionID":"QID54"},{"Type":"Page Break"},{"Type":"Question","QuestionID":"QID80"},{"Type":"Question","QuestionID":"QID46"},{"Type":"Page Break"},{"Type":"Question","QuestionID":"QID81"},{"Type":"Question","QuestionID":"QID48"},{"Type":"Page Break"},{"Type":"Question","QuestionID":"QID82"},{"Type":"Question","QuestionID":"QID51"},{"Type":"Page Break"},{"Type":"Question","QuestionID":"QID83"},{"Type":"Question","QuestionID":"QID52"}],"Options":{"BlockLocking":"false","RandomizeQuestions":"false","BlockVisibility":"Expanded"}},"13":{"Type":"Standard","SubType":"","Description":"intro to SingleClip","ID":"BL_6ysllQIV1Z8dkY6","BlockElements":[{"Type":"Question","QuestionID":"QID72"},{"Type":"Question","QuestionID":"QID71"}]},"14":{"Type":"Standard","SubType":"","Description":"intro to DoubleClip","ID":"BL_eRHjJ0zK4I83fgi","BlockElements":[{"Type":"Question","QuestionID":"QID74"},{"Type":"Question","QuestionID":"QID75"}]},"16":{"Type":"Standard","SubType":"","Description":"SignleClip2_AttPref","ID":"BL_1FT4ozHQkkbya3k","BlockElements":[{"Type":"Question","QuestionID":"QID92"},{"Type":"Question","QuestionID":"QID100"},{"Type":"Page Break"},{"Type":"Question","QuestionID":"QID94"},{"Type":"Question","QuestionID":"QID95"},{"Type":"Page Break"},{"Type":"Question","QuestionID":"QID96"},{"Type":"Question","QuestionID":"QID97"},{"Type":"Page Break"},{"Type":"Question","QuestionID":"QID98"},{"Type":"Question","QuestionID":"QID99"}]},"17":{"Type":"Standard","SubType":"","Description":"DoubleClips_pair002(48, 50)","ID":"BL_0HCaXLWBS7rqmbk","BlockElements":[{"Type":"Question","QuestionID":"QID101"},{"Type":"Question","QuestionID":"QID102"},{"Type":"Page Break"},{"Type":"Question","QuestionID":"QID103"},{"Type":"Question","QuestionID":"QID104"}]}}},{"SurveyID":"SV_brrq6E6862fillc","Element":"FL","PrimaryAttribute":"Survey Flow","SecondaryAttribute":null,"TertiaryAttribute":null,"Payload":{"Type":"Root","FlowID":"FL_1","Flow":[{"Type":"BlockRandomizer","FlowID":"FL_12","SubSet":0,"EvenPresentation":false},{"Type":"Standard","ID":"BL_6ysllQIV1Z8dkY6","FlowID":"FL_25","Autofill":[]},{"Type":"Standard","ID":"BL_5toZz7dnxmzK1WB","FlowID":"FL_14","Autofill":[]},{"ID":"BL_1FT4ozHQkkbya3k","Type":"Standard","FlowID":"FL_28"},{"Type":"Standard","ID":"BL_eRHjJ0zK4I83fgi","FlowID":"FL_26","Autofill":[]},{"Type":"Standard","ID":"BL_5bEnj9e7F6p80vz","FlowID":"FL_18","Autofill":[]},{"ID":"BL_0HCaXLWBS7rqmbk","Type":"Standard","FlowID":"FL_29"},{"Type":"Standard","ID":"BL_7VcoQjoYugGS2TH","FlowID":"FL_19","Autofill":[]}],"Properties":{"Count":29,"RemovedFieldsets":[]}}},{"SurveyID":"SV_brrq6E6862fillc","Element":"NT","PrimaryAttribute":"NT_08tWqR7pydDXMOx","SecondaryAttribute":null,"TertiaryAttribute":null,"Payload":{"Notes":[{"Message":"I inserted the excerpt again, but turned off the loop here.","ID":"NO_0xN3kNFEgYNr1xX","UserID":"UR_bllFKNJ3pZAqz2Z","Timestamp":1603855847,"Removed":false},{"Message":"How many words should be offered as options? (16? 183?)","ID":"NO_2rxY9bOnvwDiL0p","UserID":"UR_bllFKNJ3pZAqz2Z","Timestamp":1603855935,"Removed":false}],"UserStatuses":{"UR_bllFKNJ3pZAqz2Z":"Expanded"},"ParentID":"QID60","ID":"NT_08tWqR7pydDXMOx"}},{"SurveyID":"SV_brrq6E6862fillc","Element":"NT","PrimaryAttribute":"NT_0qXYMZR0ZOwsfvn","SecondaryAttribute":null,"TertiaryAttribute":null,"Payload":{"Notes":[{"Message":"It's more possible that participants will write one visual.","ID":"NO_ebrZo6qcClADBTD","UserID":"UR_bllFKNJ3pZAqz2Z","Timestamp":1603855043,"Removed":true},{"Message":"It's more possible that participants will write just one visual to get it over with. However, are we more interested in the first visual brought to mind or the strongest impression, or let them as many as possible (even though it's not very feasible from a practical view for them.)","ID":"NO_1X1BlIXFdnJ5hFX","UserID":"UR_bllFKNJ3pZAqz2Z","Timestamp":1603855179,"Removed":true},{"Message":"It's more possible that participants will write just one visual to get it over with. However, are we more interested in the first visual brought to mind or the strongest impression, or let them as many as possible (even though it's not very feasible from a practical view for them)?","ID":"NO_81yvFGNcU5xhhEp","UserID":"UR_bllFKNJ3pZAqz2Z","Timestamp":1603855197,"Removed":true},{"Message":"It's more possible that participants will write just one visual to get it over with. However, are we more interested in the first visual brought to mind or the strongest impression, or let them compose\/imagine as many as possible (even though it's not very feasible from a practical view for them)? Here are the confounding measure of imagination, creative writing, visual intelligence, vocabulary...","ID":"NO_bQ4nuVZVKDHR17n","UserID":"UR_bllFKNJ3pZAqz2Z","Timestamp":1603855280,"Removed":true},{"Message":"It's more possible that participants will write just one visual to get it over with. \nHowever, are we more interested in the first visual brought to mind OR the strongest impression for them, OR let them compose\/imagine as many as possible (even though it's not very practical)? \nAlso, we may confound measures of imagination, creative writing, visual intelligence, vocabulary...","ID":"NO_0W1eJy2l6Bjpps1","UserID":"UR_bllFKNJ3pZAqz2Z","Timestamp":1603855404,"Removed":false},{"Message":"I designed the self-report question such to capture the perceived emotion based on the research (Kragel et al., 2019) showing human emotion schemas are embedded in the visual stystem.\nSome visuals are hard to form, just as some emotions (e.g., envy, jealous, shy) are hard to perceived from music (Collier, 2002)","ID":"NO_2lYwaA5HalOWAId","UserID":"UR_bllFKNJ3pZAqz2Z","Timestamp":1603856366,"Removed":true},{"Message":"I designed the self-report question such to capture the perceived emotion based on the research (Kragel et al., 2019) showing human emotion schemas are embedded in the visual stystem.\nSome visuals are more complicated to form, just as some emotions (e.g., envy, jealous, shy) are hard to perceived from music (Collier, 2002).","ID":"NO_56zcsl9e7Q5EPEF","UserID":"UR_bllFKNJ3pZAqz2Z","Timestamp":1603856419,"Removed":false}],"UserStatuses":{"UR_bllFKNJ3pZAqz2Z":"Expanded"},"ParentID":"QID59","ID":"NT_0qXYMZR0ZOwsfvn"}},{"SurveyID":"SV_brrq6E6862fillc","Element":"NT","PrimaryAttribute":"NT_6V7qSQU2URK386V","SecondaryAttribute":null,"TertiaryAttribute":null,"Payload":{"Notes":[{"Message":"It seems that the circles do not have the equal intervals with the ruler above.","ID":"NO_7QeTq0Bs8jSg8GF","UserID":"UR_bllFKNJ3pZAqz2Z","Timestamp":1601340571,"Removed":false},{"Message":"It forces emotion words to be on opposite directions, when they do not necessarily are.","ID":"NO_2t2qnQuxrDfg7Bj","UserID":"UR_bllFKNJ3pZAqz2Z","Timestamp":1603567214,"Removed":false}],"UserStatuses":{"UR_bllFKNJ3pZAqz2Z":"Expanded"},"ParentID":"QID20","ID":"NT_6V7qSQU2URK386V"}},{"SurveyID":"SV_brrq6E6862fillc","Element":"NT","PrimaryAttribute":"NT_6rJ4R7NtJF2mCCp","SecondaryAttribute":null,"TertiaryAttribute":null,"Payload":{"Notes":[{"Message":"This block should help participants get familiarize the task and wordings.","ID":"NO_4OCHfwUAET80fS5","UserID":"UR_bllFKNJ3pZAqz2Z","Timestamp":1601340672,"Removed":true},{"Message":"This block should help participants get familiarize with the task and wordings.","ID":"NO_0wuJLvRpNKXGGNf","UserID":"UR_bllFKNJ3pZAqz2Z","Timestamp":1601340705,"Removed":true},{"Message":"https:\/\/implicit.harvard.edu\/implicit\/takeatest.html\nmay be we can learn some of the description there.","ID":"NO_3F9gYNxOK0hY2SF","UserID":"UR_bllFKNJ3pZAqz2Z","Timestamp":1601341111,"Removed":true},{"Message":"How to loop and autoplay\/autostart?","ID":"NO_01m1sAFI2tczPUh","UserID":"UR_bllFKNJ3pZAqz2Z","Timestamp":1601743650,"Removed":true}],"UserStatuses":{"UR_bllFKNJ3pZAqz2Z":"Expanded"},"ParentID":"QID43","ID":"NT_6rJ4R7NtJF2mCCp"}},{"SurveyID":"SV_brrq6E6862fillc","Element":"NT","PrimaryAttribute":"NT_6xLwB9MSd3vFfSt","SecondaryAttribute":null,"TertiaryAttribute":null,"Payload":{"Notes":[{"Message":"How can we make the music clip to loop?","ID":"NO_2b2JyrdQcHtmvjv","UserID":"UR_bllFKNJ3pZAqz2Z","Timestamp":1601340818,"Removed":true},{"Message":"I figured out how to autoplay and loop!","ID":"NO_bIODyV6mUyWtqS1","UserID":"UR_bllFKNJ3pZAqz2Z","Timestamp":1601700699,"Removed":true},{"Message":"How to autoplay and loop right when this page load?","ID":"NO_513dKwtr01GzT0N","UserID":"UR_bllFKNJ3pZAqz2Z","Timestamp":1601743679,"Removed":true},{"Message":"https:\/\/www.qualtrics.com\/community\/discussion\/9930\/autoplay-audio-html-code","ID":"NO_3I4A2M7R4PRwxcp","UserID":"UR_bllFKNJ3pZAqz2Z","Timestamp":1601743685,"Removed":true}],"UserStatuses":{"UR_bllFKNJ3pZAqz2Z":"Expanded"},"ParentID":"QID11","ID":"NT_6xLwB9MSd3vFfSt"}},{"SurveyID":"SV_brrq6E6862fillc","Element":"NT","PrimaryAttribute":"NT_cG5Xqgu16KVpPcV","SecondaryAttribute":null,"TertiaryAttribute":null,"Payload":{"Notes":[{"Message":"Need to figure out how to position two clips side by side.","ID":"NO_43iKeQ10Qp22HT7","UserID":"UR_bllFKNJ3pZAqz2Z","Timestamp":1601340744,"Removed":true},{"Message":"Need to figure out compare in what sense (overall? dimensions? emotion?)","ID":"NO_29TxrgjewOR3IlT","UserID":"UR_bllFKNJ3pZAqz2Z","Timestamp":1601751836,"Removed":true}],"UserStatuses":{"UR_bllFKNJ3pZAqz2Z":"Expanded"},"ParentID":"QID42","ID":"NT_cG5Xqgu16KVpPcV"}},{"SurveyID":"SV_brrq6E6862fillc","Element":"NT","PrimaryAttribute":"NT_eybsx85NHVlgOGh","SecondaryAttribute":null,"TertiaryAttribute":null,"Payload":{"Notes":[{"Message":"How about making the option time intervals, like less than 0.5 hours, 0.5~1 hour, 1~1.5 hours, etc.?","ID":"NO_bscgE5YPGYx03ul","UserID":"UR_bllFKNJ3pZAqz2Z","Timestamp":1603565293,"Removed":true},{"Message":"How about making options as time intervals, like less than 0.5 hours, 0.5~1 hour, 1~1.5 hours, etc.?","ID":"NO_dbQD3upvlmjzpmB","UserID":"UR_bllFKNJ3pZAqz2Z","Timestamp":1603565322,"Removed":true},{"Message":"Let's discuss more about the time interval selection. Maybe 0.5, 1, 2, 3?","ID":"NO_9T69GpXHsBKzb0x","UserID":"UR_bllFKNJ3pZAqz2Z","Timestamp":1603565432,"Removed":true}],"UserStatuses":{"UR_bllFKNJ3pZAqz2Z":"Expanded"},"ParentID":"QID48","ID":"NT_eybsx85NHVlgOGh"}},{"SurveyID":"SV_brrq6E6862fillc","Element":"NT","PrimaryAttribute":"NT_ezmgI3lk4vYxAvb","SecondaryAttribute":null,"TertiaryAttribute":null,"Payload":{"Notes":[{"Message":"Put some typical emotional words on the map?","ID":"NO_1YUW4BmwcHJBwBT","UserID":"UR_bllFKNJ3pZAqz2Z","Timestamp":1601340773,"Removed":false}],"UserStatuses":{"UR_bllFKNJ3pZAqz2Z":"Expanded"},"ParentID":"QID35","ID":"NT_ezmgI3lk4vYxAvb"}},{"SurveyID":"SV_brrq6E6862fillc","Element":"RS","PrimaryAttribute":"RS_9FdgwKMDttHOT42","SecondaryAttribute":null,"TertiaryAttribute":null,"Payload":null},{"SurveyID":"SV_brrq6E6862fillc","Element":"SO","PrimaryAttribute":"Survey Options","SecondaryAttribute":null,"TertiaryAttribute":null,"Payload":{"BackButton":"true","SaveAndContinue":"true","SurveyProtection":"PublicSurvey","BallotBoxStuffingPrevention":"false","NoIndex":"Yes","SecureResponseFiles":"true","SurveyExpiration":null,"SurveyTermination":"DefaultMessage","Header":"","Footer":"","ProgressBarDisplay":"NoText","PartialData":"+4 hour","ValidationMessage":null,"PreviousButton":" \u2190 ","NextButton":" \u2192 ","SurveyTitle":"Online Survey Software | Qualtrics Survey Solutions","SkinLibrary":"gatech","SkinType":"MQ","Skin":"gatech2","NewScoring":1,"QuestionsPerPage":"2","PageTransition":"slide","Autofocus":"false","EOSMessage":"","ShowExportTags":"false","CollectGeoLocation":"false","SurveyMetaDescription":"The most powerful, simple and trusted way to gather experience data. Start your journey to experience management and try a free account today.","PasswordProtection":"No","AnonymizeResponse":"No","Password":"","RefererCheck":"No","RefererURL":"http:\/\/","UseCustomSurveyLinkCompletedMessage":null,"SurveyLinkCompletedMessage":"","SurveyLinkCompletedMessageLibrary":"","ResponseSummary":"No","EOSMessageLibrary":"","EOSRedirectURL":"https:\/\/","EmailThankYou":"false","ThankYouEmailMessageLibrary":null,"ThankYouEmailMessage":null,"ValidateMessage":"false","ValidationMessageLibrary":null,"InactiveSurvey":"DefaultMessage","PartialDataCloseAfter":"LastActivity","ActiveResponseSet":null,"InactiveMessageLibrary":"","InactiveMessage":"","AvailableLanguages":{"EN":[]},"ProtectSelectionIds":true,"SurveyName":"MusicEmotion - test + clips"}},{"SurveyID":"SV_brrq6E6862fillc","Element":"SCO","PrimaryAttribute":"Scoring","SecondaryAttribute":null,"TertiaryAttribute":null,"Payload":{"ScoringCategories":[],"ScoringCategoryGroups":[],"ScoringSummaryCategory":null,"ScoringSummaryAfterQuestions":0,"ScoringSummaryAfterSurvey":0,"DefaultScoringCategory":null,"AutoScoringCategory":null}},{"SurveyID":"SV_brrq6E6862fillc","Element":"PROJ","PrimaryAttribute":"CORE","SecondaryAttribute":null,"TertiaryAttribute":"1.1.0","Payload":{"ProjectCategory":"CORE","SchemaVersion":"1.1.0"}},{"SurveyID":"SV_brrq6E6862fillc","Element":"STAT","PrimaryAttribute":"Survey Statistics","SecondaryAttribute":null,"TertiaryAttribute":null,"Payload":{"MobileCompatible":true,"ID":"Survey Statistics"}},{"SurveyID":"SV_brrq6E6862fillc","Element":"SQ","PrimaryAttribute":"QID70","SecondaryAttribute":" ","TertiaryAttribute":null,"Payload":{"QuestionText":"<div>\n<audio autoplay=\"true\" class=\"qmedia\" controls=\"true\" height=\"40\" loop=\"true\" preload=\"auto\" width=\"320\"><source src=\"https:\/\/gatech.co1.qualtrics.com\/CP\/File.php?F=F_bqkwS5pbvHh2fk1\" type=\"audio\/mp3\"><embed class=\"qmedia\" flashconsts=\"file=https:\/\/gatech.co1.qualtrics.com\/CP\/File.php?F=F_bqkwS5pbvHh2fk1&amp;width=320&amp;height=20&amp;type=mp3&amp;autostart=true\" height=\"20\" pluginspage=\"http:\/\/adobe.com\/flashplayer\/\" src=\"\/WRQualtricsShared\/Flash\/flvplayer.swf\" type=\"application\/x-shockwave-flash\" width=\"320\" wmode=\"transparent\"><\/audio>\n<\/div>\n\n<div>Please listen to the clip carefully.<\/div>","DefaultChoices":false,"DataExportTag":"clip1","QuestionID":"QID70","QuestionType":"DB","Selector":"TB","Configuration":{"QuestionDescriptionOption":"SpecifyLabel"},"QuestionDescription":" ","ChoiceOrder":[],"Validation":{"Settings":{"Type":"None"}},"GradingData":[],"Language":[],"NextChoiceId":4,"NextAnswerId":1}},{"SurveyID":"SV_brrq6E6862fillc","Element":"QC","PrimaryAttribute":"Survey Question Count","SecondaryAttribute":"104","TertiaryAttribute":null,"Payload":null},{"SurveyID":"SV_brrq6E6862fillc","Element":"SQ","PrimaryAttribute":"QID48","SecondaryAttribute":"How long do you spend listening to music each day*? *This can include background music for studyi...","TertiaryAttribute":null,"Payload":{"QuestionText":"How long do you spend listening to music each day*?<div>*This can include background music for studying\/gym\/walking<\/div>","DataExportTag":"D4","QuestionType":"MC","Selector":"SAVR","SubSelector":"TX","Configuration":{"QuestionDescriptionOption":"UseText"},"QuestionDescription":"How long do you spend listening to music each day*? *This can include background music for studyi...","Choices":{"1":{"Display":"I don't or rarely listen to music"},"2":{"Display":"0.5 hours"},"3":{"Display":"1 hour"},"4":{"Display":"1.5 hours"},"5":{"Display":"2 hours"},"6":{"Display":"2.5 hours"},"7":{"Display":"More than 3 hours"}},"ChoiceOrder":[1,2,3,4,5,6,7],"Validation":{"Settings":{"ForceResponse":"OFF","ForceResponseType":"ON","Type":"None"}},"Language":[],"NextChoiceId":8,"NextAnswerId":1,"QuestionID":"QID48","DataVisibility":{"Private":false,"Hidden":false}}},{"SurveyID":"SV_brrq6E6862fillc","Element":"SQ","PrimaryAttribute":"QID76","SecondaryAttribute":"How similar are these two clips?","TertiaryAttribute":null,"Payload":{"QuestionText":"How similar are these two clips?","DefaultChoices":false,"DataExportTag":"similarity1","QuestionID":"QID76","QuestionType":"Matrix","Selector":"Bipolar","Configuration":{"QuestionDescriptionOption":"UseText","TextPosition":"inline","ChoiceColumnWidth":25,"RepeatHeaders":"none","WhiteSpace":"OFF","MobileFirst":true},"QuestionDescription":"How similar are these two clips?","Choices":{"1":{"Display":"Very Dissimilar:Very Similar"}},"ChoiceOrder":["1"],"Validation":{"Settings":{"ForceResponse":"OFF","Type":"None"}},"GradingData":[],"Language":[],"NextChoiceId":4,"NextAnswerId":10,"Answers":{"1":{"Display":"1"},"2":{"Display":"2"},"3":{"Display":"3"},"4":{"Display":"4"},"5":{"Display":"5"},"6":{"Display":"6"},"7":{"Display":"7"},"8":{"Display":"8"},"9":{"Display":"9"}},"AnswerOrder":["1","2","3","4","5","6","7","8","9"],"ChoiceDataExportTags":false,"AnswerColumns":9}},{"SurveyID":"SV_brrq6E6862fillc","Element":"SQ","PrimaryAttribute":"QID104","SecondaryAttribute":"How similar are these two clips?","TertiaryAttribute":null,"Payload":{"QuestionText":"How similar are these two clips?","DefaultChoices":false,"QuestionType":"Matrix","Selector":"Bipolar","Configuration":{"QuestionDescriptionOption":"UseText","TextPosition":"inline","ChoiceColumnWidth":25,"RepeatHeaders":"none","WhiteSpace":"OFF","MobileFirst":true},"QuestionDescription":"How similar are these two clips?","Choices":{"1":{"Display":"Very Dissimilar:Very Similar"}},"ChoiceOrder":["1"],"Validation":{"Settings":{"ForceResponse":"OFF","Type":"None"}},"GradingData":[],"Language":[],"NextChoiceId":4,"NextAnswerId":10,"Answers":{"1":{"Display":"1"},"2":{"Display":"2"},"3":{"Display":"3"},"4":{"Display":"4"},"5":{"Display":"5"},"6":{"Display":"6"},"7":{"Display":"7"},"8":{"Display":"8"},"9":{"Display":"9"}},"AnswerOrder":["1","2","3","4","5","6","7","8","9"],"ChoiceDataExportTags":false,"AnswerColumns":9,"QuestionText_Unsafe":"How similar are these two clips?","DataExportTag":"simi2","QuestionID":"QID104","DataVisibility":{"Private":false,"Hidden":false}}},{"SurveyID":"SV_brrq6E6862fillc","Element":"SQ","PrimaryAttribute":"QID51","SecondaryAttribute":"I am not really interested in how other people feel.","TertiaryAttribute":null,"Payload":{"QuestionText":"I am not really interested in how other people feel.","DataExportTag":"D5","QuestionType":"MC","Selector":"SAHR","SubSelector":"TX","Configuration":{"QuestionDescriptionOption":"UseText","Autoscale":{"YScale":{"Name":"neverAlways","Type":"likert","Reverse":false}},"LabelPosition":"BELOW"},"QuestionDescription":"I am not really interested in how other people feel.","Choices":{"1":{"Display":"Always"},"2":{"Display":"Most of the time"},"3":{"Display":"About half the time"},"4":{"Display":"Sometimes"},"5":{"Display":"Never"}},"ChoiceOrder":[1,2,3,4,5],"Validation":{"Settings":{"ForceResponse":"OFF","ForceResponseType":"ON","Type":"None"}},"Language":[],"NextChoiceId":6,"NextAnswerId":1,"QuestionID":"QID51","DataVisibility":{"Private":false,"Hidden":false}}},{"SurveyID":"SV_brrq6E6862fillc","Element":"SQ","PrimaryAttribute":"QID52","SecondaryAttribute":"I can tell when others are sad even when they do not say anything.","TertiaryAttribute":null,"Payload":{"QuestionText":"I can tell when others are sad even when they do not say anything.","DataExportTag":"D6","QuestionType":"MC","Selector":"SAHR","SubSelector":"TX","Configuration":{"QuestionDescriptionOption":"UseText","Autoscale":{"YScale":{"Name":"neverAlways","Type":"likert","Reverse":false}},"LabelPosition":"BELOW"},"QuestionDescription":"I can tell when others are sad even when they do not say anything.","Choices":{"1":{"Display":"Always"},"2":{"Display":"Most of the time"},"3":{"Display":"About half the time"},"4":{"Display":"Sometimes"},"5":{"Display":"Never"}},"ChoiceOrder":[1,2,3,4,5],"Validation":{"Settings":{"ForceResponse":"OFF","ForceResponseType":"ON","Type":"None"}},"Language":[],"NextChoiceId":6,"NextAnswerId":1,"QuestionID":"QID52","DataVisibility":{"Private":false,"Hidden":false}}},{"SurveyID":"SV_brrq6E6862fillc","Element":"SQ","PrimaryAttribute":"QID71","SecondaryAttribute":"In this section, you will be presented with one music clip at a time and asked to rate your prefe...","TertiaryAttribute":null,"Payload":{"QuestionText":"In this section, you will be presented with one music clip at a time and asked to rate your preference, familiarity, as well as perception of emotions.","DefaultChoices":false,"DataExportTag":"intro to SingleClip","QuestionType":"DB","Selector":"TB","Configuration":{"QuestionDescriptionOption":"UseText"},"QuestionDescription":"In this section, you will be presented with one music clip at a time and asked to rate your prefe...","ChoiceOrder":[],"Validation":{"Settings":{"Type":"None"}},"GradingData":[],"Language":[],"NextChoiceId":4,"NextAnswerId":1,"QuestionID":"QID71"}},{"SurveyID":"SV_brrq6E6862fillc","Element":"SQ","PrimaryAttribute":"QID75","SecondaryAttribute":"In this section, you will be presented with two music clips and asked to rate their similarity.","TertiaryAttribute":null,"Payload":{"QuestionText":"In this section, you will be presented with two music clips and asked to rate their similarity.","DefaultChoices":false,"QuestionType":"DB","Selector":"TB","Configuration":{"QuestionDescriptionOption":"UseText"},"QuestionDescription":"In this section, you will be presented with two music clips and asked to rate their similarity.","ChoiceOrder":[],"Validation":{"Settings":{"Type":"None"}},"GradingData":[],"Language":[],"NextChoiceId":4,"NextAnswerId":1,"QuestionText_Unsafe":"In this section, you will be presented with one music clip at a time and asked to rate your preference, familiarity, as well as perception of emotions.","DataExportTag":"intro2doubleClips","QuestionID":"QID75","DataVisibility":{"Private":false,"Hidden":false}}},{"SurveyID":"SV_brrq6E6862fillc","Element":"SQ","PrimaryAttribute":"QID102","SecondaryAttribute":"Please listen carefully to both clips.","TertiaryAttribute":null,"Payload":{"QuestionText":"<div>\n<audio class=\"qmedia\" controls=\"true\" height=\"40\" preload=\"auto\" width=\"320\"><source src=\"https:\/\/gatech.co1.qualtrics.com\/CP\/File.php?F=F_0c6ipn99l35RzTf\" type=\"audio\/mp3\" \/><embed class=\"qmedia\" flashconsts=\"file=https:\/\/gatech.co1.qualtrics.com\/CP\/File.php?F=F_0c6ipn99l35RzTf&amp;width=320&amp;height=20&amp;type=mp3&amp;autostart=false\" height=\"20\" pluginspage=\"http:\/\/adobe.com\/flashplayer\/\" src=\"\/WRQualtricsShared\/Flash\/flvplayer.swf\" type=\"application\/x-shockwave-flash\" width=\"320\" wmode=\"transparent\" \/><\/audio>\n<br \/>\n<audio class=\"qmedia\" controls=\"true\" height=\"40\" preload=\"auto\" width=\"320\"><source src=\"https:\/\/gatech.co1.qualtrics.com\/CP\/File.php?F=F_aW6FjhFURsMJgGN\" type=\"audio\/mp3\" \/><embed class=\"qmedia\" flashconsts=\"file=https:\/\/gatech.co1.qualtrics.com\/CP\/File.php?F=F_aW6FjhFURsMJgGN&amp;width=320&amp;height=20&amp;type=mp3&amp;autostart=false\" height=\"20\" pluginspage=\"http:\/\/adobe.com\/flashplayer\/\" src=\"\/WRQualtricsShared\/Flash\/flvplayer.swf\" type=\"application\/x-shockwave-flash\" width=\"320\" wmode=\"transparent\" \/><\/audio>\n<br \/>\nPlease listen carefully to both clips.<\/div>","DefaultChoices":false,"QuestionType":"DB","Selector":"TB","DataVisibility":{"Private":false,"Hidden":false},"Configuration":{"QuestionDescriptionOption":"UseText"},"QuestionDescription":"Please listen carefully to both clips.","ChoiceOrder":[],"Validation":{"Settings":{"Type":"None"}},"GradingData":[],"Language":[],"NextChoiceId":8,"NextAnswerId":1,"QuestionText_Unsafe":"<div>\n<audio class=\"qmedia\" controls=\"true\" height=\"40\" preload=\"auto\" width=\"320\"><source src=\"https:\/\/gatech.co1.qualtrics.com\/CP\/File.php?F=F_cBz1AYZ7Tu5UWgt\" type=\"audio\/mp3\"><embed class=\"qmedia\" flashconsts=\"file=https:\/\/gatech.co1.qualtrics.com\/CP\/File.php?F=F_cBz1AYZ7Tu5UWgt&amp;width=320&amp;height=20&amp;type=mp3&amp;autostart=false\" height=\"20\" pluginspage=\"http:\/\/adobe.com\/flashplayer\/\" src=\"\/WRQualtricsShared\/Flash\/flvplayer.swf\" type=\"application\/x-shockwave-flash\" width=\"320\" wmode=\"transparent\"><\/audio>\n<\/div>\n\n<div>\n<audio class=\"qmedia\" controls=\"true\" height=\"40\" preload=\"auto\" width=\"320\"><source src=\"https:\/\/gatech.co1.qualtrics.com\/CP\/File.php?F=F_1Og3ilFiuMCQQg5\" type=\"audio\/mp3\"><embed class=\"qmedia\" flashconsts=\"file=https:\/\/gatech.co1.qualtrics.com\/CP\/File.php?F=F_1Og3ilFiuMCQQg5&amp;width=320&amp;height=20&amp;type=mp3&amp;autostart=false\" height=\"20\" pluginspage=\"http:\/\/adobe.com\/flashplayer\/\" src=\"\/WRQualtricsShared\/Flash\/flvplayer.swf\" type=\"application\/x-shockwave-flash\" width=\"320\" wmode=\"transparent\"><\/audio>\n<\/div><div>Please listen carefully to both clips.&nbsp;<\/div>","DataExportTag":"pair002 (48,50)","QuestionID":"QID102"}},{"SurveyID":"SV_brrq6E6862fillc","Element":"SQ","PrimaryAttribute":"QID42","SecondaryAttribute":"Please listen carefully to both clips.\u00a0","TertiaryAttribute":null,"Payload":{"QuestionText":"<div>\n<audio class=\"qmedia\" controls=\"true\" height=\"40\" preload=\"auto\" width=\"320\"><source src=\"https:\/\/gatech.co1.qualtrics.com\/CP\/File.php?F=F_cBz1AYZ7Tu5UWgt\" type=\"audio\/mp3\"><embed class=\"qmedia\" flashconsts=\"file=https:\/\/gatech.co1.qualtrics.com\/CP\/File.php?F=F_cBz1AYZ7Tu5UWgt&amp;width=320&amp;height=20&amp;type=mp3&amp;autostart=false\" height=\"20\" pluginspage=\"http:\/\/adobe.com\/flashplayer\/\" src=\"\/WRQualtricsShared\/Flash\/flvplayer.swf\" type=\"application\/x-shockwave-flash\" width=\"320\" wmode=\"transparent\"><\/audio>\n<\/div>\n\n<div>\n<audio class=\"qmedia\" controls=\"true\" height=\"40\" preload=\"auto\" width=\"320\"><source src=\"https:\/\/gatech.co1.qualtrics.com\/CP\/File.php?F=F_1Og3ilFiuMCQQg5\" type=\"audio\/mp3\"><embed class=\"qmedia\" flashconsts=\"file=https:\/\/gatech.co1.qualtrics.com\/CP\/File.php?F=F_1Og3ilFiuMCQQg5&amp;width=320&amp;height=20&amp;type=mp3&amp;autostart=false\" height=\"20\" pluginspage=\"http:\/\/adobe.com\/flashplayer\/\" src=\"\/WRQualtricsShared\/Flash\/flvplayer.swf\" type=\"application\/x-shockwave-flash\" width=\"320\" wmode=\"transparent\"><\/audio>\n<\/div><div>Please listen carefully to both clips.&nbsp;<\/div>","DefaultChoices":false,"DataExportTag":"pair1","QuestionID":"QID42","QuestionType":"DB","Selector":"TB","DataVisibility":{"Private":false,"Hidden":false},"Configuration":{"QuestionDescriptionOption":"UseText"},"QuestionDescription":"Please listen carefully to both clips.\u00a0","ChoiceOrder":[],"Validation":{"Settings":{"Type":"None"}},"GradingData":[],"Language":[],"NextChoiceId":8,"NextAnswerId":1}},{"SurveyID":"SV_brrq6E6862fillc","Element":"SQ","PrimaryAttribute":"QID100","SecondaryAttribute":"Please listen to the clip carefully.","TertiaryAttribute":null,"Payload":{"QuestionText":"<audio class=\"qmedia\" controls=\"true\" height=\"40\" preload=\"auto\" width=\"320\"><source src=\"https:\/\/gatech.co1.qualtrics.com\/CP\/File.php?F=F_e2w2pXbjShEQ7tj\" type=\"audio\/mp3\" \/><embed class=\"qmedia\" flashconsts=\"file=https:\/\/gatech.co1.qualtrics.com\/CP\/File.php?F=F_e2w2pXbjShEQ7tj&amp;width=320&amp;height=20&amp;type=mp3&amp;autostart=false\" height=\"20\" pluginspage=\"http:\/\/adobe.com\/flashplayer\/\" src=\"\/WRQualtricsShared\/Flash\/flvplayer.swf\" type=\"application\/x-shockwave-flash\" width=\"320\" wmode=\"transparent\" \/><\/audio>\n<br \/>\nPlease listen to the clip carefully.","DefaultChoices":false,"DataExportTag":"clip2","QuestionID":"QID100","QuestionType":"DB","Selector":"TB","Configuration":{"QuestionDescriptionOption":"UseText"},"QuestionDescription":"Please listen to the clip carefully.","ChoiceOrder":[],"Validation":{"Settings":{"Type":"None"}},"GradingData":[],"Language":[],"NextChoiceId":4,"NextAnswerId":1}},{"SurveyID":"SV_brrq6E6862fillc","Element":"SQ","PrimaryAttribute":"QID10","SecondaryAttribute":"Please rate the emotion you perceived.","TertiaryAttribute":null,"Payload":{"QuestionText":"Please rate the emotion you perceived.","DefaultChoices":false,"DataExportTag":"att1","QuestionID":"QID10","QuestionType":"Matrix","Selector":"Likert","SubSelector":"SingleAnswer","DataVisibility":{"Private":false,"Hidden":false},"Configuration":{"QuestionDescriptionOption":"UseText","TextPosition":"inline","ChoiceColumnWidth":25,"MobileFirst":true,"RepeatHeaders":"none","WhiteSpace":"OFF"},"QuestionDescription":"Please rate the emotion you perceived.","Choices":{"1":{"Display":"angry"},"2":{"Display":"bored"},"3":{"Display":"content"},"4":{"Display":"disgusted"},"5":{"Display":"fearful"},"6":{"Display":"happy"},"7":{"Display":"sad"},"8":{"Display":"surprised"}},"ChoiceOrder":[1,2,3,4,5,6,7,8],"Validation":{"Settings":{"ForceResponse":"RequestResponse","ForceResponseType":"RequestResponse","Type":"None"}},"GradingData":[],"Language":[],"NextChoiceId":9,"NextAnswerId":6,"Answers":{"1":{"Display":"not at all"},"2":{"Display":"slightly"},"3":{"Display":"moderately"},"4":{"Display":"very"},"5":{"Display":"extremely"}},"AnswerOrder":[1,2,3,4,5],"ChoiceDataExportTags":false,"QuestionText_Unsafe":"<div>\n<audio class=\"qmedia\" controls=\"true\" height=\"40\" preload=\"auto\" width=\"320\"><source src=\"https:\/\/gatech.co1.qualtrics.com\/CP\/File.php?F=F_cBz1AYZ7Tu5UWgt\" type=\"audio\/mp3\"><embed class=\"qmedia\" flashconsts=\"file=https:\/\/gatech.co1.qualtrics.com\/CP\/File.php?F=F_cBz1AYZ7Tu5UWgt&amp;width=320&amp;height=20&amp;type=mp3&amp;autostart=false\" height=\"20\" pluginspage=\"http:\/\/adobe.com\/flashplayer\/\" src=\"\/WRQualtricsShared\/Flash\/flvplayer.swf\" type=\"application\/x-shockwave-flash\" width=\"320\" wmode=\"transparent\"><\/audio>&nbsp;<\/div><div>3. Listen to the music clip carefully and rate your emotion.<\/div>"}},{"SurveyID":"SV_brrq6E6862fillc","Element":"SQ","PrimaryAttribute":"QID95","SecondaryAttribute":"Please rate the emotion you perceived.","TertiaryAttribute":null,"Payload":{"QuestionText":"Please rate the emotion you perceived.","DefaultChoices":false,"QuestionType":"Matrix","Selector":"Likert","SubSelector":"SingleAnswer","DataVisibility":{"Private":false,"Hidden":false},"Configuration":{"QuestionDescriptionOption":"UseText","TextPosition":"inline","ChoiceColumnWidth":25,"MobileFirst":true,"RepeatHeaders":"none","WhiteSpace":"OFF"},"QuestionDescription":"Please rate the emotion you perceived.","Choices":{"1":{"Display":"angry"},"2":{"Display":"bored"},"3":{"Display":"content"},"4":{"Display":"disgusted"},"5":{"Display":"fearful"},"6":{"Display":"happy"},"7":{"Display":"sad"},"8":{"Display":"surprised"}},"ChoiceOrder":[1,2,3,4,5,6,7,8],"Validation":{"Settings":{"ForceResponse":"RequestResponse","ForceResponseType":"RequestResponse","Type":"None"}},"GradingData":[],"Language":[],"NextChoiceId":9,"NextAnswerId":6,"Answers":{"1":{"Display":"not at all"},"2":{"Display":"slightly"},"3":{"Display":"moderately"},"4":{"Display":"very"},"5":{"Display":"extremely"}},"AnswerOrder":[1,2,3,4,5],"ChoiceDataExportTags":false,"QuestionText_Unsafe":"<div>\n<audio autoplay=\"true\" class=\"qmedia\" controls=\"true\" height=\"40\" loop=\"true\" preload=\"auto\" width=\"320\"><source src=\"https:\/\/gatech.co1.qualtrics.com\/CP\/File.php?F=F_bqkwS5pbvHh2fk1\" type=\"audio\/mp3\"><embed class=\"qmedia\" flashconsts=\"file=https:\/\/gatech.co1.qualtrics.com\/CP\/File.php?F=F_bqkwS5pbvHh2fk1&amp;width=320&amp;height=20&amp;type=mp3&amp;autostart=true\" height=\"20\" pluginspage=\"http:\/\/adobe.com\/flashplayer\/\" src=\"\/WRQualtricsShared\/Flash\/flvplayer.swf\" type=\"application\/x-shockwave-flash\" width=\"320\" wmode=\"transparent\"><\/audio>\n<\/div>\n\n<div>Listen to the music clip carefully and rate the emotion you perceived.<\/div>","DataExportTag":"att2","QuestionID":"QID95"}},{"SurveyID":"SV_brrq6E6862fillc","Element":"SQ","PrimaryAttribute":"QID66","SecondaryAttribute":"Please rate your preference for this clip.","TertiaryAttribute":null,"Payload":{"QuestionText":"<div>\n<audio autoplay=\"true\" class=\"qmedia\" controls=\"true\" height=\"40\" loop=\"true\" preload=\"auto\" width=\"320\"><source src=\"https:\/\/gatech.co1.qualtrics.com\/CP\/File.php?F=F_bqkwS5pbvHh2fk1\" type=\"audio\/mp3\"><embed class=\"qmedia\" flashconsts=\"file=https:\/\/gatech.co1.qualtrics.com\/CP\/File.php?F=F_bqkwS5pbvHh2fk1&amp;width=320&amp;height=20&amp;type=mp3&amp;autostart=true\" height=\"20\" pluginspage=\"http:\/\/adobe.com\/flashplayer\/\" src=\"\/WRQualtricsShared\/Flash\/flvplayer.swf\" type=\"application\/x-shockwave-flash\" width=\"320\" wmode=\"transparent\"><\/audio>\n<\/div>\n\nPlease rate your preference for this clip.","DefaultChoices":false,"DataExportTag":"preference1","QuestionID":"QID66","QuestionType":"Matrix","Selector":"Bipolar","Configuration":{"QuestionDescriptionOption":"UseText","TextPosition":"inline","ChoiceColumnWidth":25,"RepeatHeaders":"none","WhiteSpace":"OFF","MobileFirst":true},"QuestionDescription":"Please rate your preference for this clip.","Choices":{"1":{"Display":"Lowest:Highest"}},"ChoiceOrder":["1"],"Validation":{"Settings":{"ForceResponse":"OFF","Type":"None"}},"GradingData":[],"Language":[],"NextChoiceId":7,"NextAnswerId":7,"Answers":{"1":{"Display":"1"},"2":{"Display":"2"},"3":{"Display":"3"},"4":{"Display":"4"},"5":{"Display":"5"},"6":{"Display":"6"}},"AnswerOrder":["1","2","3","4","5","6"],"ChoiceDataExportTags":false,"AnswerColumns":6,"DataVisibility":{"Private":false,"Hidden":false}}},{"SurveyID":"SV_brrq6E6862fillc","Element":"SQ","PrimaryAttribute":"QID97","SecondaryAttribute":"Please rate your preference for this clip.","TertiaryAttribute":null,"Payload":{"QuestionText":"Please rate your preference for this clip.","DefaultChoices":false,"QuestionType":"Matrix","Selector":"Bipolar","Configuration":{"QuestionDescriptionOption":"UseText","TextPosition":"inline","ChoiceColumnWidth":25,"RepeatHeaders":"none","WhiteSpace":"OFF","MobileFirst":true},"QuestionDescription":"Please rate your preference for this clip.","Choices":{"1":{"Display":"Lowest:Highest"}},"ChoiceOrder":["1"],"Validation":{"Settings":{"ForceResponse":"OFF","Type":"None"}},"GradingData":[],"Language":[],"NextChoiceId":7,"NextAnswerId":7,"Answers":{"1":{"Display":"1"},"2":{"Display":"2"},"3":{"Display":"3"},"4":{"Display":"4"},"5":{"Display":"5"},"6":{"Display":"6"}},"AnswerOrder":["1","2","3","4","5","6"],"ChoiceDataExportTags":false,"AnswerColumns":6,"DataVisibility":{"Private":false,"Hidden":false},"QuestionText_Unsafe":"<div>\n<audio autoplay=\"true\" class=\"qmedia\" controls=\"true\" height=\"40\" loop=\"true\" preload=\"auto\" width=\"320\"><source src=\"https:\/\/gatech.co1.qualtrics.com\/CP\/File.php?F=F_bqkwS5pbvHh2fk1\" type=\"audio\/mp3\"><embed class=\"qmedia\" flashconsts=\"file=https:\/\/gatech.co1.qualtrics.com\/CP\/File.php?F=F_bqkwS5pbvHh2fk1&amp;width=320&amp;height=20&amp;type=mp3&amp;autostart=true\" height=\"20\" pluginspage=\"http:\/\/adobe.com\/flashplayer\/\" src=\"\/WRQualtricsShared\/Flash\/flvplayer.swf\" type=\"application\/x-shockwave-flash\" width=\"320\" wmode=\"transparent\"><\/audio>\n<\/div>\n\nPlease rate your preference for this clip.","DataExportTag":"pref2","QuestionID":"QID97"}},{"SurveyID":"SV_brrq6E6862fillc","Element":"SQ","PrimaryAttribute":"QID67","SecondaryAttribute":"Rate your familiarity with the clip before today's participation.","TertiaryAttribute":null,"Payload":{"QuestionText":"<div>\n<audio autoplay=\"true\" class=\"qmedia\" controls=\"true\" height=\"40\" loop=\"true\" preload=\"auto\" width=\"320\"><source src=\"https:\/\/gatech.co1.qualtrics.com\/CP\/File.php?F=F_bqkwS5pbvHh2fk1\" type=\"audio\/mp3\"><embed class=\"qmedia\" flashconsts=\"file=https:\/\/gatech.co1.qualtrics.com\/CP\/File.php?F=F_bqkwS5pbvHh2fk1&amp;width=320&amp;height=20&amp;type=mp3&amp;autostart=true\" height=\"20\" pluginspage=\"http:\/\/adobe.com\/flashplayer\/\" src=\"\/WRQualtricsShared\/Flash\/flvplayer.swf\" type=\"application\/x-shockwave-flash\" width=\"320\" wmode=\"transparent\"><\/audio>\n<\/div>\n\nRate your familiarity with the clip before today's participation.","DefaultChoices":false,"DataExportTag":"familiarity1","QuestionID":"QID67","QuestionType":"Matrix","Selector":"Bipolar","Configuration":{"QuestionDescriptionOption":"UseText","TextPosition":"inline","ChoiceColumnWidth":25,"RepeatHeaders":"none","WhiteSpace":"OFF","MobileFirst":true},"QuestionDescription":"Rate your familiarity with the clip before today's participation.","Choices":{"1":{"Display":"Lowest:Highest"}},"ChoiceOrder":["1"],"Validation":{"Settings":{"ForceResponse":"OFF","Type":"None"}},"GradingData":[],"Language":[],"NextChoiceId":4,"NextAnswerId":7,"Answers":{"1":{"Display":"1"},"2":{"Display":"2"},"3":{"Display":"3"},"4":{"Display":"4"},"5":{"Display":"5"},"6":{"Display":"6"}},"AnswerOrder":["1","2","3","4","5","6"],"ChoiceDataExportTags":false,"AnswerColumns":6,"DataVisibility":{"Private":false,"Hidden":false}}},{"SurveyID":"SV_brrq6E6862fillc","Element":"SQ","PrimaryAttribute":"QID99","SecondaryAttribute":"Rate your familiarity with the clip before today's participation.","TertiaryAttribute":null,"Payload":{"QuestionText":"Rate your familiarity with the clip before today's participation.","DefaultChoices":false,"QuestionType":"Matrix","Selector":"Bipolar","Configuration":{"QuestionDescriptionOption":"UseText","TextPosition":"inline","ChoiceColumnWidth":25,"RepeatHeaders":"none","WhiteSpace":"OFF","MobileFirst":true},"QuestionDescription":"Rate your familiarity with the clip before today's participation.","Choices":{"1":{"Display":"Lowest:Highest"}},"ChoiceOrder":["1"],"Validation":{"Settings":{"ForceResponse":"OFF","Type":"None"}},"GradingData":[],"Language":[],"NextChoiceId":4,"NextAnswerId":7,"Answers":{"1":{"Display":"1"},"2":{"Display":"2"},"3":{"Display":"3"},"4":{"Display":"4"},"5":{"Display":"5"},"6":{"Display":"6"}},"AnswerOrder":["1","2","3","4","5","6"],"ChoiceDataExportTags":false,"AnswerColumns":6,"DataVisibility":{"Private":false,"Hidden":false},"QuestionText_Unsafe":"<div>\n<audio autoplay=\"true\" class=\"qmedia\" controls=\"true\" height=\"40\" loop=\"true\" preload=\"auto\" width=\"320\"><source src=\"https:\/\/gatech.co1.qualtrics.com\/CP\/File.php?F=F_bqkwS5pbvHh2fk1\" type=\"audio\/mp3\"><embed class=\"qmedia\" flashconsts=\"file=https:\/\/gatech.co1.qualtrics.com\/CP\/File.php?F=F_bqkwS5pbvHh2fk1&amp;width=320&amp;height=20&amp;type=mp3&amp;autostart=true\" height=\"20\" pluginspage=\"http:\/\/adobe.com\/flashplayer\/\" src=\"\/WRQualtricsShared\/Flash\/flvplayer.swf\" type=\"application\/x-shockwave-flash\" width=\"320\" wmode=\"transparent\"><\/audio>\n<\/div>\n\nRate your familiarity with the clip before today's participation.","DataExportTag":"familiality2","QuestionID":"QID99"}},{"SurveyID":"SV_brrq6E6862fillc","Element":"SQ","PrimaryAttribute":"QID36","SecondaryAttribute":"Timing","TertiaryAttribute":null,"Payload":{"QuestionText":"Timing","DefaultChoices":false,"DataExportTag":"time_att1","QuestionType":"Timing","Selector":"I","DataVisibility":{"Private":false,"Hidden":false},"Configuration":{"QuestionDescriptionOption":"UseText","MinSeconds":0,"MaxSeconds":"0","ShowTimer":false,"CountDirection":"Incrementing","Seconds":10},"QuestionDescription":"Timing","Choices":{"1":{"Display":"First Click"},"2":{"Display":"Last Click"},"3":{"Display":"Page Submit"},"4":{"Display":"Click Count"}},"GradingData":[],"Language":[],"NextChoiceId":292,"NextAnswerId":1,"QuestionID":"QID36","QuestionText_Unsafe":"Timing"}},{"SurveyID":"SV_brrq6E6862fillc","Element":"SQ","PrimaryAttribute":"QID41","SecondaryAttribute":"Timing","TertiaryAttribute":null,"Payload":{"QuestionText":"Timing","DefaultChoices":false,"QuestionType":"Timing","Selector":"I","DataVisibility":{"Private":false,"Hidden":false},"Configuration":{"QuestionDescriptionOption":"UseText","MinSeconds":10,"MaxSeconds":"0","ShowTimer":true,"CountDirection":"Incrementing","Seconds":10},"QuestionDescription":"Timing","Choices":{"1":{"Display":"First Click"},"2":{"Display":"Last Click"},"3":{"Display":"Page Submit"},"4":{"Display":"Click Count"}},"GradingData":[],"Language":[],"NextChoiceId":260,"NextAnswerId":1,"QuestionText_Unsafe":"Timing","DataExportTag":"time_pair1","QuestionID":"QID41"}},{"SurveyID":"SV_brrq6E6862fillc","Element":"SQ","PrimaryAttribute":"QID68","SecondaryAttribute":"Timing","TertiaryAttribute":null,"Payload":{"QuestionText":"Timing","DefaultChoices":false,"DataExportTag":"time_familiarity1","QuestionType":"Timing","Selector":"I","DataVisibility":{"Private":false,"Hidden":false},"Configuration":{"QuestionDescriptionOption":"UseText","MinSeconds":10,"MaxSeconds":"0","ShowTimer":true,"CountDirection":"Incrementing","Seconds":10},"QuestionDescription":"Timing","Choices":{"1":{"Display":"First Click"},"2":{"Display":"Last Click"},"3":{"Display":"Page Submit"},"4":{"Display":"Click Count"}},"GradingData":[],"Language":[],"NextChoiceId":264,"NextAnswerId":1,"QuestionID":"QID68"}},{"SurveyID":"SV_brrq6E6862fillc","Element":"SQ","PrimaryAttribute":"QID69","SecondaryAttribute":"Timing","TertiaryAttribute":null,"Payload":{"QuestionText":"Timing","DefaultChoices":false,"DataExportTag":"time_preference1","QuestionType":"Timing","Selector":"I","DataVisibility":{"Private":false,"Hidden":false},"Configuration":{"QuestionDescriptionOption":"UseText","MinSeconds":10,"MaxSeconds":"0","ShowTimer":true,"CountDirection":"Incrementing","Seconds":10},"QuestionDescription":"Timing","Choices":{"1":{"Display":"First Click"},"2":{"Display":"Last Click"},"3":{"Display":"Page Submit"},"4":{"Display":"Click Count"}},"GradingData":[],"Language":[],"NextChoiceId":264,"NextAnswerId":1,"QuestionID":"QID69"}},{"SurveyID":"SV_brrq6E6862fillc","Element":"SQ","PrimaryAttribute":"QID72","SecondaryAttribute":"Timing","TertiaryAttribute":null,"Payload":{"QuestionText":"Timing","DefaultChoices":false,"DataExportTag":"time_intro2Single","QuestionID":"QID72","QuestionType":"Timing","Selector":"PageTimer","Configuration":{"QuestionDescriptionOption":"UseText","MinSeconds":"0","MaxSeconds":"0"},"QuestionDescription":"Timing","Choices":{"1":{"Display":"First Click"},"2":{"Display":"Last Click"},"3":{"Display":"Page Submit"},"4":{"Display":"Click Count"}},"GradingData":[],"Language":[],"NextChoiceId":20,"NextAnswerId":1}},{"SurveyID":"SV_brrq6E6862fillc","Element":"SQ","PrimaryAttribute":"QID73","SecondaryAttribute":"Timing","TertiaryAttribute":null,"Payload":{"QuestionText":"Timing","DefaultChoices":false,"DataExportTag":"clip1_time","QuestionID":"QID73","QuestionType":"Timing","Selector":"PageTimer","Configuration":{"QuestionDescriptionOption":"UseText","MinSeconds":12},"QuestionDescription":"Timing","Choices":{"1":{"Display":"First Click"},"2":{"Display":"Last Click"},"3":{"Display":"Page Submit"},"4":{"Display":"Click Count"}},"GradingData":[],"Language":[],"NextChoiceId":268,"NextAnswerId":1,"DataVisibility":{"Private":false,"Hidden":false}}},{"SurveyID":"SV_brrq6E6862fillc","Element":"SQ","PrimaryAttribute":"QID74","SecondaryAttribute":"Timing","TertiaryAttribute":null,"Payload":{"QuestionText":"Timing","DefaultChoices":false,"QuestionType":"Timing","Selector":"PageTimer","Configuration":{"QuestionDescriptionOption":"UseText","MinSeconds":"0","MaxSeconds":"0"},"QuestionDescription":"Timing","Choices":{"1":{"Display":"First Click"},"2":{"Display":"Last Click"},"3":{"Display":"Page Submit"},"4":{"Display":"Click Count"}},"GradingData":[],"Language":[],"NextChoiceId":24,"NextAnswerId":1,"QuestionText_Unsafe":"Timing","DataExportTag":"time_intro2double","QuestionID":"QID74","DataVisibility":{"Private":false,"Hidden":false}}},{"SurveyID":"SV_brrq6E6862fillc","Element":"SQ","PrimaryAttribute":"QID77","SecondaryAttribute":"Timing","TertiaryAttribute":null,"Payload":{"QuestionText":"Timing","DefaultChoices":false,"DataExportTag":"time_similarity1","QuestionID":"QID77","QuestionType":"Timing","Selector":"PageTimer","Configuration":{"QuestionDescriptionOption":"UseText","MinSeconds":"0","MaxSeconds":"0"},"QuestionDescription":"Timing","Choices":{"1":{"Display":"First Click"},"2":{"Display":"Last Click"},"3":{"Display":"Page Submit"},"4":{"Display":"Click Count"}},"GradingData":[],"Language":[],"NextChoiceId":20,"NextAnswerId":1}},{"SurveyID":"SV_brrq6E6862fillc","Element":"SQ","PrimaryAttribute":"QID78","SecondaryAttribute":"Timing","TertiaryAttribute":null,"Payload":{"QuestionText":"Timing","DefaultChoices":false,"DataExportTag":"time_D1","QuestionID":"QID78","QuestionType":"Timing","Selector":"PageTimer","Configuration":{"QuestionDescriptionOption":"UseText","MinSeconds":"0","MaxSeconds":"0"},"QuestionDescription":"Timing","Choices":{"1":{"Display":"First Click"},"2":{"Display":"Last Click"},"3":{"Display":"Page Submit"},"4":{"Display":"Click Count"}},"GradingData":[],"Language":[],"NextChoiceId":20,"NextAnswerId":1}},{"SurveyID":"SV_brrq6E6862fillc","Element":"SQ","PrimaryAttribute":"QID79","SecondaryAttribute":"Timing","TertiaryAttribute":null,"Payload":{"QuestionText":"Timing","DefaultChoices":false,"DataExportTag":"time_D2","QuestionID":"QID79","QuestionType":"Timing","Selector":"PageTimer","Configuration":{"QuestionDescriptionOption":"UseText","MinSeconds":"0","MaxSeconds":"0"},"QuestionDescription":"Timing","Choices":{"1":{"Display":"First Click"},"2":{"Display":"Last Click"},"3":{"Display":"Page Submit"},"4":{"Display":"Click Count"}},"GradingData":[],"Language":[],"NextChoiceId":20,"NextAnswerId":1}},{"SurveyID":"SV_brrq6E6862fillc","Element":"SQ","PrimaryAttribute":"QID80","SecondaryAttribute":"Timing","TertiaryAttribute":null,"Payload":{"QuestionText":"Timing","DefaultChoices":false,"DataExportTag":"time_D3","QuestionID":"QID80","QuestionType":"Timing","Selector":"PageTimer","Configuration":{"QuestionDescriptionOption":"UseText","MinSeconds":"0","MaxSeconds":"0"},"QuestionDescription":"Timing","Choices":{"1":{"Display":"First Click"},"2":{"Display":"Last Click"},"3":{"Display":"Page Submit"},"4":{"Display":"Click Count"}},"GradingData":[],"Language":[],"NextChoiceId":20,"NextAnswerId":1}},{"SurveyID":"SV_brrq6E6862fillc","Element":"SQ","PrimaryAttribute":"QID81","SecondaryAttribute":"Timing","TertiaryAttribute":null,"Payload":{"QuestionText":"Timing","DefaultChoices":false,"DataExportTag":"time_D4","QuestionID":"QID81","QuestionType":"Timing","Selector":"PageTimer","Configuration":{"QuestionDescriptionOption":"UseText","MinSeconds":"0","MaxSeconds":"0"},"QuestionDescription":"Timing","Choices":{"1":{"Display":"First Click"},"2":{"Display":"Last Click"},"3":{"Display":"Page Submit"},"4":{"Display":"Click Count"}},"GradingData":[],"Language":[],"NextChoiceId":20,"NextAnswerId":1}},{"SurveyID":"SV_brrq6E6862fillc","Element":"SQ","PrimaryAttribute":"QID82","SecondaryAttribute":"Timing","TertiaryAttribute":null,"Payload":{"QuestionText":"Timing","DefaultChoices":false,"DataExportTag":"time_D5","QuestionID":"QID82","QuestionType":"Timing","Selector":"PageTimer","Configuration":{"QuestionDescriptionOption":"UseText","MinSeconds":"0","MaxSeconds":"0"},"QuestionDescription":"Timing","Choices":{"1":{"Display":"First Click"},"2":{"Display":"Last Click"},"3":{"Display":"Page Submit"},"4":{"Display":"Click Count"}},"GradingData":[],"Language":[],"NextChoiceId":20,"NextAnswerId":1}},{"SurveyID":"SV_brrq6E6862fillc","Element":"SQ","PrimaryAttribute":"QID83","SecondaryAttribute":"Timing","TertiaryAttribute":null,"Payload":{"QuestionText":"Timing","DefaultChoices":false,"DataExportTag":"time_D6","QuestionID":"QID83","QuestionType":"Timing","Selector":"PageTimer","Configuration":{"QuestionDescriptionOption":"UseText","MinSeconds":"0","MaxSeconds":"0"},"QuestionDescription":"Timing","Choices":{"1":{"Display":"First Click"},"2":{"Display":"Last Click"},"3":{"Display":"Page Submit"},"4":{"Display":"Click Count"}},"GradingData":[],"Language":[],"NextChoiceId":20,"NextAnswerId":1}},{"SurveyID":"SV_brrq6E6862fillc","Element":"SQ","PrimaryAttribute":"QID92","SecondaryAttribute":"Timing","TertiaryAttribute":null,"Payload":{"QuestionText":"Timing","DefaultChoices":false,"QuestionType":"Timing","Selector":"PageTimer","Configuration":{"QuestionDescriptionOption":"UseText","MinSeconds":12},"QuestionDescription":"Timing","Choices":{"1":{"Display":"First Click"},"2":{"Display":"Last Click"},"3":{"Display":"Page Submit"},"4":{"Display":"Click Count"}},"GradingData":[],"Language":[],"NextChoiceId":268,"NextAnswerId":1,"QuestionText_Unsafe":"Timing","DataExportTag":"time_clip2","QuestionID":"QID92","DataVisibility":{"Private":false,"Hidden":false}}},{"SurveyID":"SV_brrq6E6862fillc","Element":"SQ","PrimaryAttribute":"QID94","SecondaryAttribute":"Timing","TertiaryAttribute":null,"Payload":{"QuestionText":"Timing","DefaultChoices":false,"QuestionType":"Timing","Selector":"I","DataVisibility":{"Private":false,"Hidden":false},"Configuration":{"QuestionDescriptionOption":"UseText","MaxSeconds":"0","CountDirection":"Incrementing","Seconds":10},"QuestionDescription":"Timing","Choices":{"1":{"Display":"First Click"},"2":{"Display":"Last Click"},"3":{"Display":"Page Submit"},"4":{"Display":"Click Count"}},"GradingData":[],"Language":[],"NextChoiceId":296,"NextAnswerId":1,"QuestionText_Unsafe":"Timing","DataExportTag":"time_att2","QuestionID":"QID94"}},{"SurveyID":"SV_brrq6E6862fillc","Element":"SQ","PrimaryAttribute":"QID96","SecondaryAttribute":"Timing","TertiaryAttribute":null,"Payload":{"QuestionText":"Timing","DefaultChoices":false,"QuestionType":"Timing","Selector":"I","DataVisibility":{"Private":false,"Hidden":false},"Configuration":{"QuestionDescriptionOption":"UseText","MinSeconds":10,"MaxSeconds":"0","ShowTimer":true,"CountDirection":"Incrementing","Seconds":10},"QuestionDescription":"Timing","Choices":{"1":{"Display":"First Click"},"2":{"Display":"Last Click"},"3":{"Display":"Page Submit"},"4":{"Display":"Click Count"}},"GradingData":[],"Language":[],"NextChoiceId":268,"NextAnswerId":1,"QuestionText_Unsafe":"Timing","DataExportTag":"time_pref2","QuestionID":"QID96"}},{"SurveyID":"SV_brrq6E6862fillc","Element":"SQ","PrimaryAttribute":"QID98","SecondaryAttribute":"Timing","TertiaryAttribute":null,"Payload":{"QuestionText":"Timing","DefaultChoices":false,"QuestionType":"Timing","Selector":"I","DataVisibility":{"Private":false,"Hidden":false},"Configuration":{"QuestionDescriptionOption":"UseText","MinSeconds":10,"MaxSeconds":"0","ShowTimer":true,"CountDirection":"Incrementing","Seconds":10},"QuestionDescription":"Timing","Choices":{"1":{"Display":"First Click"},"2":{"Display":"Last Click"},"3":{"Display":"Page Submit"},"4":{"Display":"Click Count"}},"GradingData":[],"Language":[],"NextChoiceId":272,"NextAnswerId":1,"QuestionText_Unsafe":"Timing","DataExportTag":"time_familiarity2","QuestionID":"QID98"}},{"SurveyID":"SV_brrq6E6862fillc","Element":"SQ","PrimaryAttribute":"QID101","SecondaryAttribute":"Timing","TertiaryAttribute":null,"Payload":{"QuestionText":"Timing","DefaultChoices":false,"QuestionType":"Timing","Selector":"I","DataVisibility":{"Private":false,"Hidden":false},"Configuration":{"QuestionDescriptionOption":"UseText","MinSeconds":10,"MaxSeconds":"0","ShowTimer":true,"CountDirection":"Incrementing","Seconds":10},"QuestionDescription":"Timing","Choices":{"1":{"Display":"First Click"},"2":{"Display":"Last Click"},"3":{"Display":"Page Submit"},"4":{"Display":"Click Count"}},"GradingData":[],"Language":[],"NextChoiceId":268,"NextAnswerId":1,"QuestionText_Unsafe":"Timing","DataExportTag":"time_pair002(48, 50)","QuestionID":"QID101"}},{"SurveyID":"SV_brrq6E6862fillc","Element":"SQ","PrimaryAttribute":"QID103","SecondaryAttribute":"Timing","TertiaryAttribute":null,"Payload":{"QuestionText":"Timing","DefaultChoices":false,"QuestionType":"Timing","Selector":"PageTimer","Configuration":{"QuestionDescriptionOption":"UseText","MinSeconds":"0","MaxSeconds":"0"},"QuestionDescription":"Timing","Choices":{"1":{"Display":"First Click"},"2":{"Display":"Last Click"},"3":{"Display":"Page Submit"},"4":{"Display":"Click Count"}},"GradingData":[],"Language":[],"NextChoiceId":36,"NextAnswerId":1,"QuestionText_Unsafe":"Timing","DataExportTag":"time_simi2","QuestionID":"QID103","DataVisibility":{"Private":false,"Hidden":false}}},{"SurveyID":"SV_brrq6E6862fillc","Element":"SQ","PrimaryAttribute":"QID54","SecondaryAttribute":"What is your age in years?","TertiaryAttribute":null,"Payload":{"QuestionText":"What is your age in years?","DefaultChoices":false,"DataExportTag":"D2","QuestionID":"QID54","QuestionType":"TE","Selector":"SL","Configuration":{"QuestionDescriptionOption":"UseText"},"QuestionDescription":"What is your age in years?","Validation":{"Settings":{"ForceResponse":"OFF","ForceResponseType":"ON","Type":"None"}},"GradingData":[],"Language":[],"NextChoiceId":4,"NextAnswerId":1,"SearchSource":{"AllowFreeResponse":"false"},"DataVisibility":{"Private":false,"Hidden":false}}},{"SurveyID":"SV_brrq6E6862fillc","Element":"SQ","PrimaryAttribute":"QID43","SecondaryAttribute":"What is your gender?","TertiaryAttribute":null,"Payload":{"QuestionText":"What is your gender?","DataExportTag":"D1","QuestionType":"MC","Selector":"SAVR","SubSelector":"TX","Configuration":{"QuestionDescriptionOption":"UseText"},"QuestionDescription":"What is your gender?","Choices":{"1":{"Display":"Male"},"2":{"Display":"Female"},"3":{"Display":"Other","TextEntry":"true"}},"ChoiceOrder":["1","2","3"],"Validation":{"Settings":{"ForceResponse":"OFF","ForceResponseType":"ON","Type":"None"}},"Language":[],"NextChoiceId":4,"NextAnswerId":1,"QuestionID":"QID43","DataVisibility":{"Private":false,"Hidden":false}}},{"SurveyID":"SV_brrq6E6862fillc","Element":"SQ","PrimaryAttribute":"QID46","SecondaryAttribute":"What is your race\/ethnicity?","TertiaryAttribute":null,"Payload":{"QuestionText":"What is your race\/ethnicity?","DataExportTag":"D3","QuestionType":"MC","Selector":"MAVR","SubSelector":"TX","Configuration":{"QuestionDescriptionOption":"UseText"},"QuestionDescription":"What is your race\/ethnicity?","Choices":{"1":{"Display":"White"},"2":{"Display":"Black"},"3":{"Display":"American Indian or Alaska Native"},"4":{"Display":"Asian"},"5":{"Display":"Native Hawaiian or Pacific Islander"},"6":{"Display":"Hispanic or Latino"},"7":{"Display":"Other","TextEntry":"true"}},"ChoiceOrder":[1,2,3,4,5,6,7],"Validation":{"Settings":{"ForceResponse":"OFF","ForceResponseType":"ON","Type":"None"}},"Language":[],"NextChoiceId":8,"NextAnswerId":1,"QuestionID":"QID46","DataVisibility":{"Private":false,"Hidden":false}}}]}
